// !$*UTF8*$!
{
	archiveVersion = 1;
	classes = {
	};
	objectVersion = 50;
	objects = {

/* Begin PBXBuildFile section */
		046D093744E3419E1C618073 /* Pods_NHAwesomeMovieApp.framework in Frameworks */ = {isa = PBXBuildFile; fileRef = E5E803E5489365B00C3610A3 /* Pods_NHAwesomeMovieApp.framework */; };
		343DD737FDE0C88B1246AC35 /* Pods_NHAwesomeMovieAppUITests.framework in Frameworks */ = {isa = PBXBuildFile; fileRef = 08AD2D30EE89ABCB8895539B /* Pods_NHAwesomeMovieAppUITests.framework */; };
		384F6B482339316E005BCAED /* AppDelegate.swift in Sources */ = {isa = PBXBuildFile; fileRef = 384F6B472339316E005BCAED /* AppDelegate.swift */; };
		384F6B4D2339316E005BCAED /* Main.storyboard in Resources */ = {isa = PBXBuildFile; fileRef = 384F6B4B2339316E005BCAED /* Main.storyboard */; };
		384F6B522339316E005BCAED /* LaunchScreen.storyboard in Resources */ = {isa = PBXBuildFile; fileRef = 384F6B502339316E005BCAED /* LaunchScreen.storyboard */; };
		384F6B5D2339316E005BCAED /* NHAwesomeMovieAppTests.swift in Sources */ = {isa = PBXBuildFile; fileRef = 384F6B5C2339316E005BCAED /* NHAwesomeMovieAppTests.swift */; };
		384F6B682339316E005BCAED /* NHAwesomeMovieAppUITests.swift in Sources */ = {isa = PBXBuildFile; fileRef = 384F6B672339316E005BCAED /* NHAwesomeMovieAppUITests.swift */; };
		384F6B762339320E005BCAED /* Assets.xcassets in Resources */ = {isa = PBXBuildFile; fileRef = 384F6B752339320E005BCAED /* Assets.xcassets */; };
		384F6B9A23393239005BCAED /* PermisionOffer.swift in Sources */ = {isa = PBXBuildFile; fileRef = 384F6B7923393238005BCAED /* PermisionOffer.swift */; };
		384F6B9D23393239005BCAED /* AppSettings.swift in Sources */ = {isa = PBXBuildFile; fileRef = 384F6B7F23393238005BCAED /* AppSettings.swift */; };
		384F6B9E23393239005BCAED /* FontConstant.swift in Sources */ = {isa = PBXBuildFile; fileRef = 384F6B8023393238005BCAED /* FontConstant.swift */; };
		384F6B9F23393239005BCAED /* AppThemeConstant.swift in Sources */ = {isa = PBXBuildFile; fileRef = 384F6B8123393238005BCAED /* AppThemeConstant.swift */; };
		384F6BA023393239005BCAED /* TypeAlias.swift in Sources */ = {isa = PBXBuildFile; fileRef = 384F6B8223393238005BCAED /* TypeAlias.swift */; };
		384F6BA123393239005BCAED /* Color.swift in Sources */ = {isa = PBXBuildFile; fileRef = 384F6B8323393238005BCAED /* Color.swift */; };
		384F6BA223393239005BCAED /* MovieViewController.swift in Sources */ = {isa = PBXBuildFile; fileRef = 384F6B8923393238005BCAED /* MovieViewController.swift */; };
		384F6BA323393239005BCAED /* LLSpinner.swift in Sources */ = {isa = PBXBuildFile; fileRef = 384F6B9523393239005BCAED /* LLSpinner.swift */; };
		384F6BA423393239005BCAED /* UIColor+Hex.swift in Sources */ = {isa = PBXBuildFile; fileRef = 384F6B9723393239005BCAED /* UIColor+Hex.swift */; };
		384F6BA523393239005BCAED /* UIVew+Constraints.swift in Sources */ = {isa = PBXBuildFile; fileRef = 384F6B9823393239005BCAED /* UIVew+Constraints.swift */; };
		384F6BA723393E84005BCAED /* MovieList.swift in Sources */ = {isa = PBXBuildFile; fileRef = 384F6BA623393E84005BCAED /* MovieList.swift */; };
		384F6BA923393FAE005BCAED /* MovieDate.swift in Sources */ = {isa = PBXBuildFile; fileRef = 384F6BA823393FAE005BCAED /* MovieDate.swift */; };
		384F6BAB23393FC6005BCAED /* Movie.swift in Sources */ = {isa = PBXBuildFile; fileRef = 384F6BAA23393FC6005BCAED /* Movie.swift */; };
		38681D60233BBD90004D82BC /* MovieViewModel.swift in Sources */ = {isa = PBXBuildFile; fileRef = 38681D5F233BBD90004D82BC /* MovieViewModel.swift */; };
		38681D63233BBE4A004D82BC /* NHClientHTTPNetworking.swift in Sources */ = {isa = PBXBuildFile; fileRef = 38681D62233BBE4A004D82BC /* NHClientHTTPNetworking.swift */; };
		38681D65233BC059004D82BC /* MovieTableViewCell.swift in Sources */ = {isa = PBXBuildFile; fileRef = 38681D64233BC059004D82BC /* MovieTableViewCell.swift */; };
		38681D67233BE574004D82BC /* AuthHelper.swift in Sources */ = {isa = PBXBuildFile; fileRef = 38681D66233BE574004D82BC /* AuthHelper.swift */; };
		38681D69233BE595004D82BC /* K.swift in Sources */ = {isa = PBXBuildFile; fileRef = 38681D68233BE595004D82BC /* K.swift */; };
		38681D6B233BE859004D82BC /* MovieViewModelDelegate.swift in Sources */ = {isa = PBXBuildFile; fileRef = 38681D6A233BE859004D82BC /* MovieViewModelDelegate.swift */; };
		38681D6D233BE8B2004D82BC /* AlertDisplayer.swift in Sources */ = {isa = PBXBuildFile; fileRef = 38681D6C233BE8B2004D82BC /* AlertDisplayer.swift */; };
		38681D71233C1DBD004D82BC /* TabBarItem.swift in Sources */ = {isa = PBXBuildFile; fileRef = 38681D6F233C1DBD004D82BC /* TabBarItem.swift */; };
		38681D72233C1DBD004D82BC /* TabBarViewController.swift in Sources */ = {isa = PBXBuildFile; fileRef = 38681D70233C1DBD004D82BC /* TabBarViewController.swift */; };
		38681D74233C1E3A004D82BC /* AppConstants.swift in Sources */ = {isa = PBXBuildFile; fileRef = 38681D73233C1E3A004D82BC /* AppConstants.swift */; };
		38681D76233C3857004D82BC /* TopRatedViewController.swift in Sources */ = {isa = PBXBuildFile; fileRef = 38681D75233C3857004D82BC /* TopRatedViewController.swift */; };
		38681D78233C387D004D82BC /* NowPlayingViewController.swift in Sources */ = {isa = PBXBuildFile; fileRef = 38681D77233C387D004D82BC /* NowPlayingViewController.swift */; };
		38681D7A233C3C52004D82BC /* DetailedmovieViewController.swift in Sources */ = {isa = PBXBuildFile; fileRef = 38681D79233C3C52004D82BC /* DetailedmovieViewController.swift */; };
		38681D7C233C9F11004D82BC /* MovieDetailsTableViewCell.swift in Sources */ = {isa = PBXBuildFile; fileRef = 38681D7B233C9F11004D82BC /* MovieDetailsTableViewCell.swift */; };
		38681D7E233C9F57004D82BC /* MovieTCVM.swift in Sources */ = {isa = PBXBuildFile; fileRef = 38681D7D233C9F57004D82BC /* MovieTCVM.swift */; };
		50F340180157C9D1F129D6BC /* Pods_NHAwesomeMovieAppTests.framework in Frameworks */ = {isa = PBXBuildFile; fileRef = E28CC71F6F61B2AF07CB40EA /* Pods_NHAwesomeMovieAppTests.framework */; };
/* End PBXBuildFile section */

/* Begin PBXContainerItemProxy section */
		384F6B592339316E005BCAED /* PBXContainerItemProxy */ = {
			isa = PBXContainerItemProxy;
			containerPortal = 384F6B3C2339316E005BCAED /* Project object */;
			proxyType = 1;
			remoteGlobalIDString = 384F6B432339316E005BCAED;
			remoteInfo = NHAwesomeMovieApp;
		};
		384F6B642339316E005BCAED /* PBXContainerItemProxy */ = {
			isa = PBXContainerItemProxy;
			containerPortal = 384F6B3C2339316E005BCAED /* Project object */;
			proxyType = 1;
			remoteGlobalIDString = 384F6B432339316E005BCAED;
			remoteInfo = NHAwesomeMovieApp;
		};
/* End PBXContainerItemProxy section */

/* Begin PBXFileReference section */
		08AD2D30EE89ABCB8895539B /* Pods_NHAwesomeMovieAppUITests.framework */ = {isa = PBXFileReference; explicitFileType = wrapper.framework; includeInIndex = 0; path = Pods_NHAwesomeMovieAppUITests.framework; sourceTree = BUILT_PRODUCTS_DIR; };
		294A216E806A2E2DC73B6017 /* Pods-NHAwesomeMovieAppTests.release.xcconfig */ = {isa = PBXFileReference; includeInIndex = 1; lastKnownFileType = text.xcconfig; name = "Pods-NHAwesomeMovieAppTests.release.xcconfig"; path = "Target Support Files/Pods-NHAwesomeMovieAppTests/Pods-NHAwesomeMovieAppTests.release.xcconfig"; sourceTree = "<group>"; };
		384F6B442339316E005BCAED /* NHAwesomeMovieApp.app */ = {isa = PBXFileReference; explicitFileType = wrapper.application; includeInIndex = 0; path = NHAwesomeMovieApp.app; sourceTree = BUILT_PRODUCTS_DIR; };
		384F6B472339316E005BCAED /* AppDelegate.swift */ = {isa = PBXFileReference; lastKnownFileType = sourcecode.swift; path = AppDelegate.swift; sourceTree = "<group>"; };
		384F6B4C2339316E005BCAED /* Base */ = {isa = PBXFileReference; lastKnownFileType = file.storyboard; name = Base; path = Base.lproj/Main.storyboard; sourceTree = "<group>"; };
		384F6B512339316E005BCAED /* Base */ = {isa = PBXFileReference; lastKnownFileType = file.storyboard; name = Base; path = Base.lproj/LaunchScreen.storyboard; sourceTree = "<group>"; };
		384F6B532339316E005BCAED /* Info.plist */ = {isa = PBXFileReference; lastKnownFileType = text.plist.xml; path = Info.plist; sourceTree = "<group>"; };
		384F6B582339316E005BCAED /* NHAwesomeMovieAppTests.xctest */ = {isa = PBXFileReference; explicitFileType = wrapper.cfbundle; includeInIndex = 0; path = NHAwesomeMovieAppTests.xctest; sourceTree = BUILT_PRODUCTS_DIR; };
		384F6B5C2339316E005BCAED /* NHAwesomeMovieAppTests.swift */ = {isa = PBXFileReference; lastKnownFileType = sourcecode.swift; path = NHAwesomeMovieAppTests.swift; sourceTree = "<group>"; };
		384F6B5E2339316E005BCAED /* Info.plist */ = {isa = PBXFileReference; lastKnownFileType = text.plist.xml; path = Info.plist; sourceTree = "<group>"; };
		384F6B632339316E005BCAED /* NHAwesomeMovieAppUITests.xctest */ = {isa = PBXFileReference; explicitFileType = wrapper.cfbundle; includeInIndex = 0; path = NHAwesomeMovieAppUITests.xctest; sourceTree = BUILT_PRODUCTS_DIR; };
		384F6B672339316E005BCAED /* NHAwesomeMovieAppUITests.swift */ = {isa = PBXFileReference; lastKnownFileType = sourcecode.swift; path = NHAwesomeMovieAppUITests.swift; sourceTree = "<group>"; };
		384F6B692339316E005BCAED /* Info.plist */ = {isa = PBXFileReference; lastKnownFileType = text.plist.xml; path = Info.plist; sourceTree = "<group>"; };
		384F6B752339320E005BCAED /* Assets.xcassets */ = {isa = PBXFileReference; lastKnownFileType = folder.assetcatalog; path = Assets.xcassets; sourceTree = "<group>"; };
		384F6B7923393238005BCAED /* PermisionOffer.swift */ = {isa = PBXFileReference; fileEncoding = 4; lastKnownFileType = sourcecode.swift; path = PermisionOffer.swift; sourceTree = "<group>"; };
		384F6B7F23393238005BCAED /* AppSettings.swift */ = {isa = PBXFileReference; fileEncoding = 4; lastKnownFileType = sourcecode.swift; path = AppSettings.swift; sourceTree = "<group>"; };
		384F6B8023393238005BCAED /* FontConstant.swift */ = {isa = PBXFileReference; fileEncoding = 4; lastKnownFileType = sourcecode.swift; path = FontConstant.swift; sourceTree = "<group>"; };
		384F6B8123393238005BCAED /* AppThemeConstant.swift */ = {isa = PBXFileReference; fileEncoding = 4; lastKnownFileType = sourcecode.swift; path = AppThemeConstant.swift; sourceTree = "<group>"; };
		384F6B8223393238005BCAED /* TypeAlias.swift */ = {isa = PBXFileReference; fileEncoding = 4; lastKnownFileType = sourcecode.swift; path = TypeAlias.swift; sourceTree = "<group>"; };
		384F6B8323393238005BCAED /* Color.swift */ = {isa = PBXFileReference; fileEncoding = 4; lastKnownFileType = sourcecode.swift; path = Color.swift; sourceTree = "<group>"; };
		384F6B8923393238005BCAED /* MovieViewController.swift */ = {isa = PBXFileReference; fileEncoding = 4; lastKnownFileType = sourcecode.swift; path = MovieViewController.swift; sourceTree = "<group>"; };
		384F6B9523393239005BCAED /* LLSpinner.swift */ = {isa = PBXFileReference; fileEncoding = 4; lastKnownFileType = sourcecode.swift; path = LLSpinner.swift; sourceTree = "<group>"; };
		384F6B9723393239005BCAED /* UIColor+Hex.swift */ = {isa = PBXFileReference; fileEncoding = 4; lastKnownFileType = sourcecode.swift; path = "UIColor+Hex.swift"; sourceTree = "<group>"; };
		384F6B9823393239005BCAED /* UIVew+Constraints.swift */ = {isa = PBXFileReference; fileEncoding = 4; lastKnownFileType = sourcecode.swift; path = "UIVew+Constraints.swift"; sourceTree = "<group>"; };
		384F6BA623393E84005BCAED /* MovieList.swift */ = {isa = PBXFileReference; lastKnownFileType = sourcecode.swift; path = MovieList.swift; sourceTree = "<group>"; };
		384F6BA823393FAE005BCAED /* MovieDate.swift */ = {isa = PBXFileReference; lastKnownFileType = sourcecode.swift; path = MovieDate.swift; sourceTree = "<group>"; };
		384F6BAA23393FC6005BCAED /* Movie.swift */ = {isa = PBXFileReference; lastKnownFileType = sourcecode.swift; path = Movie.swift; sourceTree = "<group>"; };
		38681D5F233BBD90004D82BC /* MovieViewModel.swift */ = {isa = PBXFileReference; lastKnownFileType = sourcecode.swift; path = MovieViewModel.swift; sourceTree = "<group>"; };
		38681D62233BBE4A004D82BC /* NHClientHTTPNetworking.swift */ = {isa = PBXFileReference; lastKnownFileType = sourcecode.swift; path = NHClientHTTPNetworking.swift; sourceTree = "<group>"; };
		38681D64233BC059004D82BC /* MovieTableViewCell.swift */ = {isa = PBXFileReference; lastKnownFileType = sourcecode.swift; path = MovieTableViewCell.swift; sourceTree = "<group>"; };
		38681D66233BE574004D82BC /* AuthHelper.swift */ = {isa = PBXFileReference; lastKnownFileType = sourcecode.swift; path = AuthHelper.swift; sourceTree = "<group>"; };
		38681D68233BE595004D82BC /* K.swift */ = {isa = PBXFileReference; lastKnownFileType = sourcecode.swift; path = K.swift; sourceTree = "<group>"; };
		38681D6A233BE859004D82BC /* MovieViewModelDelegate.swift */ = {isa = PBXFileReference; lastKnownFileType = sourcecode.swift; path = MovieViewModelDelegate.swift; sourceTree = "<group>"; };
		38681D6C233BE8B2004D82BC /* AlertDisplayer.swift */ = {isa = PBXFileReference; lastKnownFileType = sourcecode.swift; path = AlertDisplayer.swift; sourceTree = "<group>"; };
		38681D6F233C1DBD004D82BC /* TabBarItem.swift */ = {isa = PBXFileReference; fileEncoding = 4; lastKnownFileType = sourcecode.swift; path = TabBarItem.swift; sourceTree = "<group>"; };
		38681D70233C1DBD004D82BC /* TabBarViewController.swift */ = {isa = PBXFileReference; fileEncoding = 4; lastKnownFileType = sourcecode.swift; path = TabBarViewController.swift; sourceTree = "<group>"; };
		38681D73233C1E3A004D82BC /* AppConstants.swift */ = {isa = PBXFileReference; lastKnownFileType = sourcecode.swift; path = AppConstants.swift; sourceTree = "<group>"; };
		38681D75233C3857004D82BC /* TopRatedViewController.swift */ = {isa = PBXFileReference; lastKnownFileType = sourcecode.swift; path = TopRatedViewController.swift; sourceTree = "<group>"; };
		38681D77233C387D004D82BC /* NowPlayingViewController.swift */ = {isa = PBXFileReference; lastKnownFileType = sourcecode.swift; path = NowPlayingViewController.swift; sourceTree = "<group>"; };
		38681D79233C3C52004D82BC /* DetailedmovieViewController.swift */ = {isa = PBXFileReference; lastKnownFileType = sourcecode.swift; path = DetailedmovieViewController.swift; sourceTree = "<group>"; };
		38681D7B233C9F11004D82BC /* MovieDetailsTableViewCell.swift */ = {isa = PBXFileReference; lastKnownFileType = sourcecode.swift; path = MovieDetailsTableViewCell.swift; sourceTree = "<group>"; };
		38681D7D233C9F57004D82BC /* MovieTCVM.swift */ = {isa = PBXFileReference; lastKnownFileType = sourcecode.swift; path = MovieTCVM.swift; sourceTree = "<group>"; };
		8561B39046994E440C5E0B6B /* Pods-NHAwesomeMovieApp.release.xcconfig */ = {isa = PBXFileReference; includeInIndex = 1; lastKnownFileType = text.xcconfig; name = "Pods-NHAwesomeMovieApp.release.xcconfig"; path = "Target Support Files/Pods-NHAwesomeMovieApp/Pods-NHAwesomeMovieApp.release.xcconfig"; sourceTree = "<group>"; };
		9BC21D23F69FD09FBB764DC1 /* Pods-NHAwesomeMovieApp.debug.xcconfig */ = {isa = PBXFileReference; includeInIndex = 1; lastKnownFileType = text.xcconfig; name = "Pods-NHAwesomeMovieApp.debug.xcconfig"; path = "Target Support Files/Pods-NHAwesomeMovieApp/Pods-NHAwesomeMovieApp.debug.xcconfig"; sourceTree = "<group>"; };
		B1D2B0305B37C8E8885A8E8D /* Pods-NHAwesomeMovieAppUITests.debug.xcconfig */ = {isa = PBXFileReference; includeInIndex = 1; lastKnownFileType = text.xcconfig; name = "Pods-NHAwesomeMovieAppUITests.debug.xcconfig"; path = "Target Support Files/Pods-NHAwesomeMovieAppUITests/Pods-NHAwesomeMovieAppUITests.debug.xcconfig"; sourceTree = "<group>"; };
		C2BF306D9D5D2DB577A74372 /* Pods-NHAwesomeMovieAppTests.debug.xcconfig */ = {isa = PBXFileReference; includeInIndex = 1; lastKnownFileType = text.xcconfig; name = "Pods-NHAwesomeMovieAppTests.debug.xcconfig"; path = "Target Support Files/Pods-NHAwesomeMovieAppTests/Pods-NHAwesomeMovieAppTests.debug.xcconfig"; sourceTree = "<group>"; };
		E28CC71F6F61B2AF07CB40EA /* Pods_NHAwesomeMovieAppTests.framework */ = {isa = PBXFileReference; explicitFileType = wrapper.framework; includeInIndex = 0; path = Pods_NHAwesomeMovieAppTests.framework; sourceTree = BUILT_PRODUCTS_DIR; };
		E5E803E5489365B00C3610A3 /* Pods_NHAwesomeMovieApp.framework */ = {isa = PBXFileReference; explicitFileType = wrapper.framework; includeInIndex = 0; path = Pods_NHAwesomeMovieApp.framework; sourceTree = BUILT_PRODUCTS_DIR; };
		F9A51CA749F58DB18FAFC271 /* Pods-NHAwesomeMovieAppUITests.release.xcconfig */ = {isa = PBXFileReference; includeInIndex = 1; lastKnownFileType = text.xcconfig; name = "Pods-NHAwesomeMovieAppUITests.release.xcconfig"; path = "Target Support Files/Pods-NHAwesomeMovieAppUITests/Pods-NHAwesomeMovieAppUITests.release.xcconfig"; sourceTree = "<group>"; };
/* End PBXFileReference section */

/* Begin PBXFrameworksBuildPhase section */
		384F6B412339316E005BCAED /* Frameworks */ = {
			isa = PBXFrameworksBuildPhase;
			buildActionMask = 2147483647;
			files = (
				046D093744E3419E1C618073 /* Pods_NHAwesomeMovieApp.framework in Frameworks */,
			);
			runOnlyForDeploymentPostprocessing = 0;
		};
		384F6B552339316E005BCAED /* Frameworks */ = {
			isa = PBXFrameworksBuildPhase;
			buildActionMask = 2147483647;
			files = (
				50F340180157C9D1F129D6BC /* Pods_NHAwesomeMovieAppTests.framework in Frameworks */,
			);
			runOnlyForDeploymentPostprocessing = 0;
		};
		384F6B602339316E005BCAED /* Frameworks */ = {
			isa = PBXFrameworksBuildPhase;
			buildActionMask = 2147483647;
			files = (
				343DD737FDE0C88B1246AC35 /* Pods_NHAwesomeMovieAppUITests.framework in Frameworks */,
			);
			runOnlyForDeploymentPostprocessing = 0;
		};
/* End PBXFrameworksBuildPhase section */

/* Begin PBXGroup section */
		384F6B3B2339316E005BCAED = {
			isa = PBXGroup;
			children = (
				384F6B462339316E005BCAED /* NHAwesomeMovieApp */,
				384F6B5B2339316E005BCAED /* NHAwesomeMovieAppTests */,
				384F6B662339316E005BCAED /* NHAwesomeMovieAppUITests */,
				384F6B452339316E005BCAED /* Products */,
				A3B7BF0CA603B909FC388974 /* Pods */,
				78D983379F3A91D8607986DE /* Frameworks */,
			);
			sourceTree = "<group>";
		};
		384F6B452339316E005BCAED /* Products */ = {
			isa = PBXGroup;
			children = (
				384F6B442339316E005BCAED /* NHAwesomeMovieApp.app */,
				384F6B582339316E005BCAED /* NHAwesomeMovieAppTests.xctest */,
				384F6B632339316E005BCAED /* NHAwesomeMovieAppUITests.xctest */,
			);
			name = Products;
			sourceTree = "<group>";
		};
		384F6B462339316E005BCAED /* NHAwesomeMovieApp */ = {
			isa = PBXGroup;
			children = (
				384F6B7723393238005BCAED /* App */,
				384F6B7E23393238005BCAED /* Constant */,
				384F6B9623393239005BCAED /* Extension */,
				384F6B8423393238005BCAED /* Features */,
				384F6B9423393238005BCAED /* Library */,
				384F6B7A23393238005BCAED /* Resource */,
				384F6B532339316E005BCAED /* Info.plist */,
			);
			path = NHAwesomeMovieApp;
			sourceTree = "<group>";
		};
		384F6B5B2339316E005BCAED /* NHAwesomeMovieAppTests */ = {
			isa = PBXGroup;
			children = (
				384F6B5C2339316E005BCAED /* NHAwesomeMovieAppTests.swift */,
				384F6B5E2339316E005BCAED /* Info.plist */,
			);
			path = NHAwesomeMovieAppTests;
			sourceTree = "<group>";
		};
		384F6B662339316E005BCAED /* NHAwesomeMovieAppUITests */ = {
			isa = PBXGroup;
			children = (
				384F6B672339316E005BCAED /* NHAwesomeMovieAppUITests.swift */,
				384F6B692339316E005BCAED /* Info.plist */,
			);
			path = NHAwesomeMovieAppUITests;
			sourceTree = "<group>";
		};
		384F6B7723393238005BCAED /* App */ = {
			isa = PBXGroup;
			children = (
				38681D6E233C1D91004D82BC /* TabBar */,
				384F6B4B2339316E005BCAED /* Main.storyboard */,
				384F6B472339316E005BCAED /* AppDelegate.swift */,
				384F6B7923393238005BCAED /* PermisionOffer.swift */,
			);
			path = App;
			sourceTree = "<group>";
		};
		384F6B7A23393238005BCAED /* Resource */ = {
			isa = PBXGroup;
			children = (
				384F6B752339320E005BCAED /* Assets.xcassets */,
				384F6B502339316E005BCAED /* LaunchScreen.storyboard */,
			);
			path = Resource;
			sourceTree = "<group>";
		};
		384F6B7E23393238005BCAED /* Constant */ = {
			isa = PBXGroup;
			children = (
				384F6B7F23393238005BCAED /* AppSettings.swift */,
				384F6B8023393238005BCAED /* FontConstant.swift */,
				384F6B8123393238005BCAED /* AppThemeConstant.swift */,
				384F6B8223393238005BCAED /* TypeAlias.swift */,
				384F6B8323393238005BCAED /* Color.swift */,
				38681D66233BE574004D82BC /* AuthHelper.swift */,
				38681D68233BE595004D82BC /* K.swift */,
				38681D73233C1E3A004D82BC /* AppConstants.swift */,
			);
			path = Constant;
			sourceTree = "<group>";
		};
		384F6B8423393238005BCAED /* Features */ = {
			isa = PBXGroup;
			children = (
				38681D61233BBDFF004D82BC /* Networking */,
				384F6B8523393238005BCAED /* Movies */,
			);
			path = Features;
			sourceTree = "<group>";
		};
		384F6B8523393238005BCAED /* Movies */ = {
			isa = PBXGroup;
			children = (
				384F6B8723393238005BCAED /* Module Interface */,
				384F6B8B23393238005BCAED /* Model */,
				384F6B8C23393238005BCAED /* View */,
				384F6B8A23393238005BCAED /* VM */,
				384F6B8823393238005BCAED /* Controller */,
			);
			path = Movies;
			sourceTree = "<group>";
		};
		384F6B8723393238005BCAED /* Module Interface */ = {
			isa = PBXGroup;
			children = (
				38681D6A233BE859004D82BC /* MovieViewModelDelegate.swift */,
			);
			path = "Module Interface";
			sourceTree = "<group>";
		};
		384F6B8823393238005BCAED /* Controller */ = {
			isa = PBXGroup;
			children = (
				384F6B8923393238005BCAED /* MovieViewController.swift */,
				38681D75233C3857004D82BC /* TopRatedViewController.swift */,
				38681D77233C387D004D82BC /* NowPlayingViewController.swift */,
				38681D79233C3C52004D82BC /* DetailedmovieViewController.swift */,
			);
			path = Controller;
			sourceTree = "<group>";
		};
		384F6B8A23393238005BCAED /* VM */ = {
			isa = PBXGroup;
			children = (
				38681D5F233BBD90004D82BC /* MovieViewModel.swift */,
				38681D7D233C9F57004D82BC /* MovieTCVM.swift */,
			);
			path = VM;
			sourceTree = "<group>";
		};
		384F6B8B23393238005BCAED /* Model */ = {
			isa = PBXGroup;
			children = (
				384F6BA623393E84005BCAED /* MovieList.swift */,
				384F6BAA23393FC6005BCAED /* Movie.swift */,
				384F6BA823393FAE005BCAED /* MovieDate.swift */,
			);
			path = Model;
			sourceTree = "<group>";
		};
		384F6B8C23393238005BCAED /* View */ = {
			isa = PBXGroup;
			children = (
				38681D64233BC059004D82BC /* MovieTableViewCell.swift */,
				38681D7B233C9F11004D82BC /* MovieDetailsTableViewCell.swift */,
			);
			path = View;
			sourceTree = "<group>";
		};
		384F6B9423393238005BCAED /* Library */ = {
			isa = PBXGroup;
			children = (
				384F6B9523393239005BCAED /* LLSpinner.swift */,
				38681D6C233BE8B2004D82BC /* AlertDisplayer.swift */,
			);
			path = Library;
			sourceTree = "<group>";
		};
		384F6B9623393239005BCAED /* Extension */ = {
			isa = PBXGroup;
			children = (
				384F6B9723393239005BCAED /* UIColor+Hex.swift */,
				384F6B9823393239005BCAED /* UIVew+Constraints.swift */,
			);
			path = Extension;
			sourceTree = "<group>";
		};
		38681D61233BBDFF004D82BC /* Networking */ = {
			isa = PBXGroup;
			children = (
				38681D62233BBE4A004D82BC /* NHClientHTTPNetworking.swift */,
			);
			path = Networking;
			sourceTree = "<group>";
		};
		38681D6E233C1D91004D82BC /* TabBar */ = {
			isa = PBXGroup;
			children = (
				38681D6F233C1DBD004D82BC /* TabBarItem.swift */,
				38681D70233C1DBD004D82BC /* TabBarViewController.swift */,
			);
			path = TabBar;
			sourceTree = "<group>";
		};
		78D983379F3A91D8607986DE /* Frameworks */ = {
			isa = PBXGroup;
			children = (
				E5E803E5489365B00C3610A3 /* Pods_NHAwesomeMovieApp.framework */,
				E28CC71F6F61B2AF07CB40EA /* Pods_NHAwesomeMovieAppTests.framework */,
				08AD2D30EE89ABCB8895539B /* Pods_NHAwesomeMovieAppUITests.framework */,
			);
			name = Frameworks;
			sourceTree = "<group>";
		};
		A3B7BF0CA603B909FC388974 /* Pods */ = {
			isa = PBXGroup;
			children = (
				9BC21D23F69FD09FBB764DC1 /* Pods-NHAwesomeMovieApp.debug.xcconfig */,
				8561B39046994E440C5E0B6B /* Pods-NHAwesomeMovieApp.release.xcconfig */,
				C2BF306D9D5D2DB577A74372 /* Pods-NHAwesomeMovieAppTests.debug.xcconfig */,
				294A216E806A2E2DC73B6017 /* Pods-NHAwesomeMovieAppTests.release.xcconfig */,
				B1D2B0305B37C8E8885A8E8D /* Pods-NHAwesomeMovieAppUITests.debug.xcconfig */,
				F9A51CA749F58DB18FAFC271 /* Pods-NHAwesomeMovieAppUITests.release.xcconfig */,
			);
			path = Pods;
			sourceTree = "<group>";
		};
/* End PBXGroup section */

/* Begin PBXNativeTarget section */
		384F6B432339316E005BCAED /* NHAwesomeMovieApp */ = {
			isa = PBXNativeTarget;
			buildConfigurationList = 384F6B6C2339316E005BCAED /* Build configuration list for PBXNativeTarget "NHAwesomeMovieApp" */;
			buildPhases = (
				D7A3DB4D080DB3AA752D0D15 /* [CP] Check Pods Manifest.lock */,
				384F6B402339316E005BCAED /* Sources */,
				384F6B412339316E005BCAED /* Frameworks */,
				384F6B422339316E005BCAED /* Resources */,
				317147D1DDD232C622F0FBFE /* [CP] Embed Pods Frameworks */,
			);
			buildRules = (
			);
			dependencies = (
			);
			name = NHAwesomeMovieApp;
			productName = NHAwesomeMovieApp;
			productReference = 384F6B442339316E005BCAED /* NHAwesomeMovieApp.app */;
			productType = "com.apple.product-type.application";
		};
		384F6B572339316E005BCAED /* NHAwesomeMovieAppTests */ = {
			isa = PBXNativeTarget;
			buildConfigurationList = 384F6B6F2339316E005BCAED /* Build configuration list for PBXNativeTarget "NHAwesomeMovieAppTests" */;
			buildPhases = (
				9855C28E2BB7BAF03F11E438 /* [CP] Check Pods Manifest.lock */,
				384F6B542339316E005BCAED /* Sources */,
				384F6B552339316E005BCAED /* Frameworks */,
				384F6B562339316E005BCAED /* Resources */,
			);
			buildRules = (
			);
			dependencies = (
				384F6B5A2339316E005BCAED /* PBXTargetDependency */,
			);
			name = NHAwesomeMovieAppTests;
			productName = NHAwesomeMovieAppTests;
			productReference = 384F6B582339316E005BCAED /* NHAwesomeMovieAppTests.xctest */;
			productType = "com.apple.product-type.bundle.unit-test";
		};
		384F6B622339316E005BCAED /* NHAwesomeMovieAppUITests */ = {
			isa = PBXNativeTarget;
			buildConfigurationList = 384F6B722339316E005BCAED /* Build configuration list for PBXNativeTarget "NHAwesomeMovieAppUITests" */;
			buildPhases = (
				42E9440BCA793B42B9C5C796 /* [CP] Check Pods Manifest.lock */,
				384F6B5F2339316E005BCAED /* Sources */,
				384F6B602339316E005BCAED /* Frameworks */,
				384F6B612339316E005BCAED /* Resources */,
			);
			buildRules = (
			);
			dependencies = (
				384F6B652339316E005BCAED /* PBXTargetDependency */,
			);
			name = NHAwesomeMovieAppUITests;
			productName = NHAwesomeMovieAppUITests;
			productReference = 384F6B632339316E005BCAED /* NHAwesomeMovieAppUITests.xctest */;
			productType = "com.apple.product-type.bundle.ui-testing";
		};
/* End PBXNativeTarget section */

/* Begin PBXProject section */
		384F6B3C2339316E005BCAED /* Project object */ = {
			isa = PBXProject;
			attributes = {
				LastSwiftUpdateCheck = 1020;
				LastUpgradeCheck = 1020;
				ORGANIZATIONNAME = "Nazmul Hasan";
				TargetAttributes = {
					384F6B432339316E005BCAED = {
						CreatedOnToolsVersion = 10.2.1;
					};
					384F6B572339316E005BCAED = {
						CreatedOnToolsVersion = 10.2.1;
						TestTargetID = 384F6B432339316E005BCAED;
					};
					384F6B622339316E005BCAED = {
						CreatedOnToolsVersion = 10.2.1;
						TestTargetID = 384F6B432339316E005BCAED;
					};
				};
			};
			buildConfigurationList = 384F6B3F2339316E005BCAED /* Build configuration list for PBXProject "NHAwesomeMovieApp" */;
			compatibilityVersion = "Xcode 9.3";
			developmentRegion = en;
			hasScannedForEncodings = 0;
			knownRegions = (
				en,
				Base,
			);
			mainGroup = 384F6B3B2339316E005BCAED;
			productRefGroup = 384F6B452339316E005BCAED /* Products */;
			projectDirPath = "";
			projectRoot = "";
			targets = (
				384F6B432339316E005BCAED /* NHAwesomeMovieApp */,
				384F6B572339316E005BCAED /* NHAwesomeMovieAppTests */,
				384F6B622339316E005BCAED /* NHAwesomeMovieAppUITests */,
			);
		};
/* End PBXProject section */

/* Begin PBXResourcesBuildPhase section */
		384F6B422339316E005BCAED /* Resources */ = {
			isa = PBXResourcesBuildPhase;
			buildActionMask = 2147483647;
			files = (
				384F6B522339316E005BCAED /* LaunchScreen.storyboard in Resources */,
				384F6B762339320E005BCAED /* Assets.xcassets in Resources */,
				384F6B4D2339316E005BCAED /* Main.storyboard in Resources */,
			);
			runOnlyForDeploymentPostprocessing = 0;
		};
		384F6B562339316E005BCAED /* Resources */ = {
			isa = PBXResourcesBuildPhase;
			buildActionMask = 2147483647;
			files = (
			);
			runOnlyForDeploymentPostprocessing = 0;
		};
		384F6B612339316E005BCAED /* Resources */ = {
			isa = PBXResourcesBuildPhase;
			buildActionMask = 2147483647;
			files = (
			);
			runOnlyForDeploymentPostprocessing = 0;
		};
/* End PBXResourcesBuildPhase section */

/* Begin PBXShellScriptBuildPhase section */
		317147D1DDD232C622F0FBFE /* [CP] Embed Pods Frameworks */ = {
			isa = PBXShellScriptBuildPhase;
			buildActionMask = 2147483647;
			files = (
			);
			inputFileListPaths = (
			);
			inputPaths = (
				"${PODS_ROOT}/Target Support Files/Pods-NHAwesomeMovieApp/Pods-NHAwesomeMovieApp-frameworks.sh",
				"${BUILT_PRODUCTS_DIR}/Kingfisher/Kingfisher.framework",
			);
			name = "[CP] Embed Pods Frameworks";
			outputFileListPaths = (
			);
			outputPaths = (
				"${TARGET_BUILD_DIR}/${FRAMEWORKS_FOLDER_PATH}/Kingfisher.framework",
			);
			runOnlyForDeploymentPostprocessing = 0;
			shellPath = /bin/sh;
			shellScript = "\"${PODS_ROOT}/Target Support Files/Pods-NHAwesomeMovieApp/Pods-NHAwesomeMovieApp-frameworks.sh\"\n";
			showEnvVarsInLog = 0;
		};
		42E9440BCA793B42B9C5C796 /* [CP] Check Pods Manifest.lock */ = {
			isa = PBXShellScriptBuildPhase;
			buildActionMask = 2147483647;
			files = (
			);
			inputFileListPaths = (
			);
			inputPaths = (
				"${PODS_PODFILE_DIR_PATH}/Podfile.lock",
				"${PODS_ROOT}/Manifest.lock",
			);
			name = "[CP] Check Pods Manifest.lock";
			outputFileListPaths = (
			);
			outputPaths = (
				"$(DERIVED_FILE_DIR)/Pods-NHAwesomeMovieAppUITests-checkManifestLockResult.txt",
			);
			runOnlyForDeploymentPostprocessing = 0;
			shellPath = /bin/sh;
			shellScript = "diff \"${PODS_PODFILE_DIR_PATH}/Podfile.lock\" \"${PODS_ROOT}/Manifest.lock\" > /dev/null\nif [ $? != 0 ] ; then\n    # print error to STDERR\n    echo \"error: The sandbox is not in sync with the Podfile.lock. Run 'pod install' or update your CocoaPods installation.\" >&2\n    exit 1\nfi\n# This output is used by Xcode 'outputs' to avoid re-running this script phase.\necho \"SUCCESS\" > \"${SCRIPT_OUTPUT_FILE_0}\"\n";
			showEnvVarsInLog = 0;
		};
		9855C28E2BB7BAF03F11E438 /* [CP] Check Pods Manifest.lock */ = {
			isa = PBXShellScriptBuildPhase;
			buildActionMask = 2147483647;
			files = (
			);
			inputFileListPaths = (
			);
			inputPaths = (
				"${PODS_PODFILE_DIR_PATH}/Podfile.lock",
				"${PODS_ROOT}/Manifest.lock",
			);
			name = "[CP] Check Pods Manifest.lock";
			outputFileListPaths = (
			);
			outputPaths = (
				"$(DERIVED_FILE_DIR)/Pods-NHAwesomeMovieAppTests-checkManifestLockResult.txt",
			);
			runOnlyForDeploymentPostprocessing = 0;
			shellPath = /bin/sh;
			shellScript = "diff \"${PODS_PODFILE_DIR_PATH}/Podfile.lock\" \"${PODS_ROOT}/Manifest.lock\" > /dev/null\nif [ $? != 0 ] ; then\n    # print error to STDERR\n    echo \"error: The sandbox is not in sync with the Podfile.lock. Run 'pod install' or update your CocoaPods installation.\" >&2\n    exit 1\nfi\n# This output is used by Xcode 'outputs' to avoid re-running this script phase.\necho \"SUCCESS\" > \"${SCRIPT_OUTPUT_FILE_0}\"\n";
			showEnvVarsInLog = 0;
		};
		D7A3DB4D080DB3AA752D0D15 /* [CP] Check Pods Manifest.lock */ = {
			isa = PBXShellScriptBuildPhase;
			buildActionMask = 2147483647;
			files = (
			);
			inputFileListPaths = (
			);
			inputPaths = (
				"${PODS_PODFILE_DIR_PATH}/Podfile.lock",
				"${PODS_ROOT}/Manifest.lock",
			);
			name = "[CP] Check Pods Manifest.lock";
			outputFileListPaths = (
			);
			outputPaths = (
				"$(DERIVED_FILE_DIR)/Pods-NHAwesomeMovieApp-checkManifestLockResult.txt",
			);
			runOnlyForDeploymentPostprocessing = 0;
			shellPath = /bin/sh;
			shellScript = "diff \"${PODS_PODFILE_DIR_PATH}/Podfile.lock\" \"${PODS_ROOT}/Manifest.lock\" > /dev/null\nif [ $? != 0 ] ; then\n    # print error to STDERR\n    echo \"error: The sandbox is not in sync with the Podfile.lock. Run 'pod install' or update your CocoaPods installation.\" >&2\n    exit 1\nfi\n# This output is used by Xcode 'outputs' to avoid re-running this script phase.\necho \"SUCCESS\" > \"${SCRIPT_OUTPUT_FILE_0}\"\n";
			showEnvVarsInLog = 0;
		};
/* End PBXShellScriptBuildPhase section */

/* Begin PBXSourcesBuildPhase section */
		384F6B402339316E005BCAED /* Sources */ = {
			isa = PBXSourcesBuildPhase;
			buildActionMask = 2147483647;
			files = (
				384F6B9E23393239005BCAED /* FontConstant.swift in Sources */,
				384F6BA523393239005BCAED /* UIVew+Constraints.swift in Sources */,
				38681D7E233C9F57004D82BC /* MovieTCVM.swift in Sources */,
				384F6BA323393239005BCAED /* LLSpinner.swift in Sources */,
				384F6B9F23393239005BCAED /* AppThemeConstant.swift in Sources */,
				38681D67233BE574004D82BC /* AuthHelper.swift in Sources */,
				38681D71233C1DBD004D82BC /* TabBarItem.swift in Sources */,
				384F6BA723393E84005BCAED /* MovieList.swift in Sources */,
				38681D76233C3857004D82BC /* TopRatedViewController.swift in Sources */,
				384F6B482339316E005BCAED /* AppDelegate.swift in Sources */,
				38681D65233BC059004D82BC /* MovieTableViewCell.swift in Sources */,
				384F6BAB23393FC6005BCAED /* Movie.swift in Sources */,
				384F6B9D23393239005BCAED /* AppSettings.swift in Sources */,
				38681D72233C1DBD004D82BC /* TabBarViewController.swift in Sources */,
				384F6BA023393239005BCAED /* TypeAlias.swift in Sources */,
				384F6B9A23393239005BCAED /* PermisionOffer.swift in Sources */,
				384F6BA423393239005BCAED /* UIColor+Hex.swift in Sources */,
				38681D74233C1E3A004D82BC /* AppConstants.swift in Sources */,
				38681D69233BE595004D82BC /* K.swift in Sources */,
				384F6BA223393239005BCAED /* MovieViewController.swift in Sources */,
				38681D7C233C9F11004D82BC /* MovieDetailsTableViewCell.swift in Sources */,
				38681D6B233BE859004D82BC /* MovieViewModelDelegate.swift in Sources */,
				38681D63233BBE4A004D82BC /* NHClientHTTPNetworking.swift in Sources */,
				38681D6D233BE8B2004D82BC /* AlertDisplayer.swift in Sources */,
				38681D78233C387D004D82BC /* NowPlayingViewController.swift in Sources */,
				38681D60233BBD90004D82BC /* MovieViewModel.swift in Sources */,
				384F6BA923393FAE005BCAED /* MovieDate.swift in Sources */,
				384F6BA123393239005BCAED /* Color.swift in Sources */,
				38681D7A233C3C52004D82BC /* DetailedmovieViewController.swift in Sources */,
			);
			runOnlyForDeploymentPostprocessing = 0;
		};
		384F6B542339316E005BCAED /* Sources */ = {
			isa = PBXSourcesBuildPhase;
			buildActionMask = 2147483647;
			files = (
				384F6B5D2339316E005BCAED /* NHAwesomeMovieAppTests.swift in Sources */,
			);
			runOnlyForDeploymentPostprocessing = 0;
		};
		384F6B5F2339316E005BCAED /* Sources */ = {
			isa = PBXSourcesBuildPhase;
			buildActionMask = 2147483647;
			files = (
				384F6B682339316E005BCAED /* NHAwesomeMovieAppUITests.swift in Sources */,
			);
			runOnlyForDeploymentPostprocessing = 0;
		};
/* End PBXSourcesBuildPhase section */

/* Begin PBXTargetDependency section */
		384F6B5A2339316E005BCAED /* PBXTargetDependency */ = {
			isa = PBXTargetDependency;
			target = 384F6B432339316E005BCAED /* NHAwesomeMovieApp */;
			targetProxy = 384F6B592339316E005BCAED /* PBXContainerItemProxy */;
		};
		384F6B652339316E005BCAED /* PBXTargetDependency */ = {
			isa = PBXTargetDependency;
			target = 384F6B432339316E005BCAED /* NHAwesomeMovieApp */;
			targetProxy = 384F6B642339316E005BCAED /* PBXContainerItemProxy */;
		};
/* End PBXTargetDependency section */

/* Begin PBXVariantGroup section */
		384F6B4B2339316E005BCAED /* Main.storyboard */ = {
			isa = PBXVariantGroup;
			children = (
				384F6B4C2339316E005BCAED /* Base */,
			);
			name = Main.storyboard;
			sourceTree = "<group>";
		};
		384F6B502339316E005BCAED /* LaunchScreen.storyboard */ = {
			isa = PBXVariantGroup;
			children = (
				384F6B512339316E005BCAED /* Base */,
			);
			name = LaunchScreen.storyboard;
			sourceTree = "<group>";
		};
/* End PBXVariantGroup section */

/* Begin XCBuildConfiguration section */
		384F6B6A2339316E005BCAED /* Debug */ = {
			isa = XCBuildConfiguration;
			buildSettings = {
				ALWAYS_SEARCH_USER_PATHS = NO;
				CLANG_ANALYZER_NONNULL = YES;
				CLANG_ANALYZER_NUMBER_OBJECT_CONVERSION = YES_AGGRESSIVE;
				CLANG_CXX_LANGUAGE_STANDARD = "gnu++14";
				CLANG_CXX_LIBRARY = "libc++";
				CLANG_ENABLE_MODULES = YES;
				CLANG_ENABLE_OBJC_ARC = YES;
				CLANG_ENABLE_OBJC_WEAK = YES;
				CLANG_WARN_BLOCK_CAPTURE_AUTORELEASING = YES;
				CLANG_WARN_BOOL_CONVERSION = YES;
				CLANG_WARN_COMMA = YES;
				CLANG_WARN_CONSTANT_CONVERSION = YES;
				CLANG_WARN_DEPRECATED_OBJC_IMPLEMENTATIONS = YES;
				CLANG_WARN_DIRECT_OBJC_ISA_USAGE = YES_ERROR;
				CLANG_WARN_DOCUMENTATION_COMMENTS = YES;
				CLANG_WARN_EMPTY_BODY = YES;
				CLANG_WARN_ENUM_CONVERSION = YES;
				CLANG_WARN_INFINITE_RECURSION = YES;
				CLANG_WARN_INT_CONVERSION = YES;
				CLANG_WARN_NON_LITERAL_NULL_CONVERSION = YES;
				CLANG_WARN_OBJC_IMPLICIT_RETAIN_SELF = YES;
				CLANG_WARN_OBJC_LITERAL_CONVERSION = YES;
				CLANG_WARN_OBJC_ROOT_CLASS = YES_ERROR;
				CLANG_WARN_RANGE_LOOP_ANALYSIS = YES;
				CLANG_WARN_STRICT_PROTOTYPES = YES;
				CLANG_WARN_SUSPICIOUS_MOVE = YES;
				CLANG_WARN_UNGUARDED_AVAILABILITY = YES_AGGRESSIVE;
				CLANG_WARN_UNREACHABLE_CODE = YES;
				CLANG_WARN__DUPLICATE_METHOD_MATCH = YES;
				CODE_SIGN_IDENTITY = "iPhone Developer";
				COPY_PHASE_STRIP = NO;
				DEBUG_INFORMATION_FORMAT = dwarf;
				ENABLE_STRICT_OBJC_MSGSEND = YES;
				ENABLE_TESTABILITY = YES;
				GCC_C_LANGUAGE_STANDARD = gnu11;
				GCC_DYNAMIC_NO_PIC = NO;
				GCC_NO_COMMON_BLOCKS = YES;
				GCC_OPTIMIZATION_LEVEL = 0;
				GCC_PREPROCESSOR_DEFINITIONS = (
					"DEBUG=1",
					"$(inherited)",
				);
				GCC_WARN_64_TO_32_BIT_CONVERSION = YES;
				GCC_WARN_ABOUT_RETURN_TYPE = YES_ERROR;
				GCC_WARN_UNDECLARED_SELECTOR = YES;
				GCC_WARN_UNINITIALIZED_AUTOS = YES_AGGRESSIVE;
				GCC_WARN_UNUSED_FUNCTION = YES;
				GCC_WARN_UNUSED_VARIABLE = YES;
				IPHONEOS_DEPLOYMENT_TARGET = 12.2;
				MTL_ENABLE_DEBUG_INFO = INCLUDE_SOURCE;
				MTL_FAST_MATH = YES;
				ONLY_ACTIVE_ARCH = YES;
				SDKROOT = iphoneos;
				SWIFT_ACTIVE_COMPILATION_CONDITIONS = DEBUG;
				SWIFT_OPTIMIZATION_LEVEL = "-Onone";
			};
			name = Debug;
		};
		384F6B6B2339316E005BCAED /* Release */ = {
			isa = XCBuildConfiguration;
			buildSettings = {
				ALWAYS_SEARCH_USER_PATHS = NO;
				CLANG_ANALYZER_NONNULL = YES;
				CLANG_ANALYZER_NUMBER_OBJECT_CONVERSION = YES_AGGRESSIVE;
				CLANG_CXX_LANGUAGE_STANDARD = "gnu++14";
				CLANG_CXX_LIBRARY = "libc++";
				CLANG_ENABLE_MODULES = YES;
				CLANG_ENABLE_OBJC_ARC = YES;
				CLANG_ENABLE_OBJC_WEAK = YES;
				CLANG_WARN_BLOCK_CAPTURE_AUTORELEASING = YES;
				CLANG_WARN_BOOL_CONVERSION = YES;
				CLANG_WARN_COMMA = YES;
				CLANG_WARN_CONSTANT_CONVERSION = YES;
				CLANG_WARN_DEPRECATED_OBJC_IMPLEMENTATIONS = YES;
				CLANG_WARN_DIRECT_OBJC_ISA_USAGE = YES_ERROR;
				CLANG_WARN_DOCUMENTATION_COMMENTS = YES;
				CLANG_WARN_EMPTY_BODY = YES;
				CLANG_WARN_ENUM_CONVERSION = YES;
				CLANG_WARN_INFINITE_RECURSION = YES;
				CLANG_WARN_INT_CONVERSION = YES;
				CLANG_WARN_NON_LITERAL_NULL_CONVERSION = YES;
				CLANG_WARN_OBJC_IMPLICIT_RETAIN_SELF = YES;
				CLANG_WARN_OBJC_LITERAL_CONVERSION = YES;
				CLANG_WARN_OBJC_ROOT_CLASS = YES_ERROR;
				CLANG_WARN_RANGE_LOOP_ANALYSIS = YES;
				CLANG_WARN_STRICT_PROTOTYPES = YES;
				CLANG_WARN_SUSPICIOUS_MOVE = YES;
				CLANG_WARN_UNGUARDED_AVAILABILITY = YES_AGGRESSIVE;
				CLANG_WARN_UNREACHABLE_CODE = YES;
				CLANG_WARN__DUPLICATE_METHOD_MATCH = YES;
				CODE_SIGN_IDENTITY = "iPhone Developer";
				COPY_PHASE_STRIP = NO;
				DEBUG_INFORMATION_FORMAT = "dwarf-with-dsym";
				ENABLE_NS_ASSERTIONS = NO;
				ENABLE_STRICT_OBJC_MSGSEND = YES;
				GCC_C_LANGUAGE_STANDARD = gnu11;
				GCC_NO_COMMON_BLOCKS = YES;
				GCC_WARN_64_TO_32_BIT_CONVERSION = YES;
				GCC_WARN_ABOUT_RETURN_TYPE = YES_ERROR;
				GCC_WARN_UNDECLARED_SELECTOR = YES;
				GCC_WARN_UNINITIALIZED_AUTOS = YES_AGGRESSIVE;
				GCC_WARN_UNUSED_FUNCTION = YES;
				GCC_WARN_UNUSED_VARIABLE = YES;
				IPHONEOS_DEPLOYMENT_TARGET = 12.2;
				MTL_ENABLE_DEBUG_INFO = NO;
				MTL_FAST_MATH = YES;
				SDKROOT = iphoneos;
				SWIFT_COMPILATION_MODE = wholemodule;
				SWIFT_OPTIMIZATION_LEVEL = "-O";
				VALIDATE_PRODUCT = YES;
			};
			name = Release;
		};
		384F6B6D2339316E005BCAED /* Debug */ = {
			isa = XCBuildConfiguration;
			baseConfigurationReference = 9BC21D23F69FD09FBB764DC1 /* Pods-NHAwesomeMovieApp.debug.xcconfig */;
			buildSettings = {
				ASSETCATALOG_COMPILER_APPICON_NAME = AppIcon;
				CODE_SIGN_STYLE = Automatic;
				INFOPLIST_FILE = NHAwesomeMovieApp/Info.plist;
				IPHONEOS_DEPLOYMENT_TARGET = 10.0;
				LD_RUNPATH_SEARCH_PATHS = (
					"$(inherited)",
					"@executable_path/Frameworks",
				);
				PRODUCT_BUNDLE_IDENTIFIER = nazmul.NHAwesomeMovieApp;
				PRODUCT_NAME = "$(TARGET_NAME)";
				SWIFT_VERSION = 5.0;
				TARGETED_DEVICE_FAMILY = "1,2";
			};
			name = Debug;
		};
		384F6B6E2339316E005BCAED /* Release */ = {
			isa = XCBuildConfiguration;
			baseConfigurationReference = 8561B39046994E440C5E0B6B /* Pods-NHAwesomeMovieApp.release.xcconfig */;
			buildSettings = {
				ASSETCATALOG_COMPILER_APPICON_NAME = AppIcon;
				CODE_SIGN_STYLE = Automatic;
				INFOPLIST_FILE = NHAwesomeMovieApp/Info.plist;
				IPHONEOS_DEPLOYMENT_TARGET = 10.0;
				LD_RUNPATH_SEARCH_PATHS = (
					"$(inherited)",
					"@executable_path/Frameworks",
				);
				PRODUCT_BUNDLE_IDENTIFIER = nazmul.NHAwesomeMovieApp;
				PRODUCT_NAME = "$(TARGET_NAME)";
				SWIFT_VERSION = 5.0;
				TARGETED_DEVICE_FAMILY = "1,2";
			};
			name = Release;
		};
		384F6B702339316E005BCAED /* Debug */ = {
			isa = XCBuildConfiguration;
			baseConfigurationReference = C2BF306D9D5D2DB577A74372 /* Pods-NHAwesomeMovieAppTests.debug.xcconfig */;
			buildSettings = {
				ALWAYS_EMBED_SWIFT_STANDARD_LIBRARIES = YES;
				BUNDLE_LOADER = "$(TEST_HOST)";
				CODE_SIGN_STYLE = Automatic;
				INFOPLIST_FILE = NHAwesomeMovieAppTests/Info.plist;
				LD_RUNPATH_SEARCH_PATHS = (
					"$(inherited)",
					"@executable_path/Frameworks",
					"@loader_path/Frameworks",
				);
				PRODUCT_BUNDLE_IDENTIFIER = nazmul.NHAwesomeMovieAppTests;
				PRODUCT_NAME = "$(TARGET_NAME)";
				SWIFT_VERSION = 5.0;
				TARGETED_DEVICE_FAMILY = "1,2";
				TEST_HOST = "$(BUILT_PRODUCTS_DIR)/NHAwesomeMovieApp.app/NHAwesomeMovieApp";
			};
			name = Debug;
		};
		384F6B712339316E005BCAED /* Release */ = {
			isa = XCBuildConfiguration;
			baseConfigurationReference = 294A216E806A2E2DC73B6017 /* Pods-NHAwesomeMovieAppTests.release.xcconfig */;
			buildSettings = {
				ALWAYS_EMBED_SWIFT_STANDARD_LIBRARIES = YES;
				BUNDLE_LOADER = "$(TEST_HOST)";
				CODE_SIGN_STYLE = Automatic;
				INFOPLIST_FILE = NHAwesomeMovieAppTests/Info.plist;
				LD_RUNPATH_SEARCH_PATHS = (
					"$(inherited)",
					"@executable_path/Frameworks",
					"@loader_path/Frameworks",
				);
				PRODUCT_BUNDLE_IDENTIFIER = nazmul.NHAwesomeMovieAppTests;
				PRODUCT_NAME = "$(TARGET_NAME)";
				SWIFT_VERSION = 5.0;
				TARGETED_DEVICE_FAMILY = "1,2";
				TEST_HOST = "$(BUILT_PRODUCTS_DIR)/NHAwesomeMovieApp.app/NHAwesomeMovieApp";
			};
			name = Release;
		};
		384F6B732339316E005BCAED /* Debug */ = {
			isa = XCBuildConfiguration;
			baseConfigurationReference = B1D2B0305B37C8E8885A8E8D /* Pods-NHAwesomeMovieAppUITests.debug.xcconfig */;
			buildSettings = {
				ALWAYS_EMBED_SWIFT_STANDARD_LIBRARIES = YES;
				CODE_SIGN_STYLE = Automatic;
				INFOPLIST_FILE = NHAwesomeMovieAppUITests/Info.plist;
				LD_RUNPATH_SEARCH_PATHS = (
					"$(inherited)",
					"@executable_path/Frameworks",
					"@loader_path/Frameworks",
				);
				PRODUCT_BUNDLE_IDENTIFIER = nazmul.NHAwesomeMovieAppUITests;
				PRODUCT_NAME = "$(TARGET_NAME)";
				SWIFT_VERSION = 5.0;
				TARGETED_DEVICE_FAMILY = "1,2";
				TEST_TARGET_NAME = NHAwesomeMovieApp;
			};
			name = Debug;
		};
		384F6B742339316E005BCAED /* Release */ = {
			isa = XCBuildConfiguration;
			baseConfigurationReference = F9A51CA749F58DB18FAFC271 /* Pods-NHAwesomeMovieAppUITests.release.xcconfig */;
			buildSettings = {
				ALWAYS_EMBED_SWIFT_STANDARD_LIBRARIES = YES;
				CODE_SIGN_STYLE = Automatic;
				INFOPLIST_FILE = NHAwesomeMovieAppUITests/Info.plist;
				LD_RUNPATH_SEARCH_PATHS = (
					"$(inherited)",
					"@executable_path/Frameworks",
					"@loader_path/Frameworks",
				);
				PRODUCT_BUNDLE_IDENTIFIER = nazmul.NHAwesomeMovieAppUITests;
				PRODUCT_NAME = "$(TARGET_NAME)";
				SWIFT_VERSION = 5.0;
				TARGETED_DEVICE_FAMILY = "1,2";
				TEST_TARGET_NAME = NHAwesomeMovieApp;
			};
			name = Release;
		};
/* End XCBuildConfiguration section */

/* Begin XCConfigurationList section */
		384F6B3F2339316E005BCAED /* Build configuration list for PBXProject "NHAwesomeMovieApp" */ = {
			isa = XCConfigurationList;
			buildConfigurations = (
				384F6B6A2339316E005BCAED /* Debug */,
				384F6B6B2339316E005BCAED /* Release */,
			);
			defaultConfigurationIsVisible = 0;
			defaultConfigurationName = Release;
		};
		384F6B6C2339316E005BCAED /* Build configuration list for PBXNativeTarget "NHAwesomeMovieApp" */ = {
			isa = XCConfigurationList;
			buildConfigurations = (
				384F6B6D2339316E005BCAED /* Debug */,
				384F6B6E2339316E005BCAED /* Release */,
			);
			defaultConfigurationIsVisible = 0;
			defaultConfigurationName = Release;
		};
		384F6B6F2339316E005BCAED /* Build configuration list for PBXNativeTarget "NHAwesomeMovieAppTests" */ = {
			isa = XCConfigurationList;
			buildConfigurations = (
				384F6B702339316E005BCAED /* Debug */,
				384F6B712339316E005BCAED /* Release */,
			);
			defaultConfigurationIsVisible = 0;
			defaultConfigurationName = Release;
		};
		384F6B722339316E005BCAED /* Build configuration list for PBXNativeTarget "NHAwesomeMovieAppUITests" */ = {
			isa = XCConfigurationList;
			buildConfigurations = (
				384F6B732339316E005BCAED /* Debug */,
				384F6B742339316E005BCAED /* Release */,
			);
			defaultConfigurationIsVisible = 0;
			defaultConfigurationName = Release;
		};
/* End XCConfigurationList section */
	};
	rootObject = 384F6B3C2339316E005BCAED /* Project object */;
}
